
Microsoft Visual Studio Solution File, Format Version 12.00
# Visual Studio 15
VisualStudioVersion = 15.0.27130.2024
MinimumVisualStudioVersion = 10.0.40219.1
Project("{FAE04EC0-301F-11D3-BF4B-00C04F79EFBC}") = "2210-201-WolfNathan-Project2", "2210-201-WolfNathan-Project2\2210-201-WolfNathan-Project2.csproj", "{9A6429CD-1ACF-4163-B6AE-351039D364CF}"
EndProject
Project("{2150E333-8FDC-42A3-9474-1A3956D46DE8}") = "Solution Items", "Solution Items", "{31855B23-ABD1-40B9-946A-EF8BBDD1927F}"
EndProject
Global
	GlobalSection(SolutionConfigurationPlatforms) = preSolution
		Debug|Any CPU = Debug|Any CPU
		Release|Any CPU = Release|Any CPU
	EndGlobalSection
	GlobalSection(ProjectConfigurationPlatforms) = postSolution
		{9A6429CD-1ACF-4163-B6AE-351039D364CF}.Debug|Any CPU.ActiveCfg = Debug|Any CPU
		{9A6429CD-1ACF-4163-B6AE-351039D364CF}.Debug|Any CPU.Build.0 = Debug|Any CPU
		{9A6429CD-1ACF-4163-B6AE-351039D364CF}.Release|Any CPU.ActiveCfg = Release|Any CPU
		{9A6429CD-1ACF-4163-B6AE-351039D364CF}.Release|Any CPU.Build.0 = Release|Any CPU
	EndGlobalSection
	GlobalSection(SolutionProperties) = preSolution
		HideSolutionNode = FALSE
	EndGlobalSection
	GlobalSection(ExtensibilityGlobals) = postSolution
		SolutionGuid = {C2EBDAAA-C996-4826-9098-205DA4A523DD}
	EndGlobalSection
EndGlobal
